
Microsoft Visual Studio Solution File, Format Version 12.00
# Visual Studio Version 17
VisualStudioVersion = 17.11.35312.102
MinimumVisualStudioVersion = 10.0.40219.1
Project("{FAE04EC0-301F-11D3-BF4B-00C04F79EFBC}") = "CA24111201", "CA24111201.csproj", "{3AE62216-7064-49FB-94CA-E3ABFD9EB045}"
EndProject
Global
	GlobalSection(SolutionConfigurationPlatforms) = preSolution
		Debug|Any CPU = Debug|Any CPU
		Release|Any CPU = Release|Any CPU
	EndGlobalSection
	GlobalSection(ProjectConfigurationPlatforms) = postSolution
		{3AE62216-7064-49FB-94CA-E3ABFD9EB045}.Debug|Any CPU.ActiveCfg = Debug|Any CPU
		{3AE62216-7064-49FB-94CA-E3ABFD9EB045}.Debug|Any CPU.Build.0 = Debug|Any CPU
		{3AE62216-7064-49FB-94CA-E3ABFD9EB045}.Release|Any CPU.ActiveCfg = Release|Any CPU
		{3AE62216-7064-49FB-94CA-E3ABFD9EB045}.Release|Any CPU.Build.0 = Release|Any CPU
	EndGlobalSection
	GlobalSection(SolutionProperties) = preSolution
		HideSolutionNode = FALSE
	EndGlobalSection
	GlobalSection(ExtensibilityGlobals) = postSolution
		SolutionGuid = {8A55DAB7-3F3C-437A-92A9-524342848F3A}
	EndGlobalSection
EndGlobal
